
Microsoft Visual Studio Solution File, Format Version 12.00
# Visual Studio Version 16
VisualStudioVersion = 16.0.30804.86
MinimumVisualStudioVersion = 10.0.40219.1
Project("{9A19103F-16F7-4668-BE54-9A1E7A4F7556}") = "IPGeoLocator", "IPGeoLocator\IPGeoLocator.csproj", "{229F4239-1629-4C37-B496-A2CD37C87CAC}"
EndProject
Project("{FAE04EC0-301F-11D3-BF4B-00C04F79EFBC}") = "IPLocatorTests", "IPLocatorTests\IPLocatorTests.csproj", "{4DB2B44C-1C5F-428C-818C-969DD9D732CF}"
EndProject
Global
	GlobalSection(SolutionConfigurationPlatforms) = preSolution
		Debug|Any CPU = Debug|Any CPU
		Release|Any CPU = Release|Any CPU
	EndGlobalSection
	GlobalSection(ProjectConfigurationPlatforms) = postSolution
		{229F4239-1629-4C37-B496-A2CD37C87CAC}.Debug|Any CPU.ActiveCfg = Debug|Any CPU
		{229F4239-1629-4C37-B496-A2CD37C87CAC}.Debug|Any CPU.Build.0 = Debug|Any CPU
		{229F4239-1629-4C37-B496-A2CD37C87CAC}.Release|Any CPU.ActiveCfg = Release|Any CPU
		{229F4239-1629-4C37-B496-A2CD37C87CAC}.Release|Any CPU.Build.0 = Release|Any CPU
		{4DB2B44C-1C5F-428C-818C-969DD9D732CF}.Debug|Any CPU.ActiveCfg = Debug|Any CPU
		{4DB2B44C-1C5F-428C-818C-969DD9D732CF}.Debug|Any CPU.Build.0 = Debug|Any CPU
		{4DB2B44C-1C5F-428C-818C-969DD9D732CF}.Release|Any CPU.ActiveCfg = Release|Any CPU
		{4DB2B44C-1C5F-428C-818C-969DD9D732CF}.Release|Any CPU.Build.0 = Release|Any CPU
	EndGlobalSection
	GlobalSection(SolutionProperties) = preSolution
		HideSolutionNode = FALSE
	EndGlobalSection
	GlobalSection(ExtensibilityGlobals) = postSolution
		SolutionGuid = {A3AD6C58-7D2C-47E3-B25B-2C0943C5ED2B}
	EndGlobalSection
EndGlobal
